// !$*UTF8*$!
{
	archiveVersion = 1;
	classes = {
	};
	objectVersion = 51;
	objects = {

/* Begin PBXBuildFile section */
		7F77337B5B1B762298B346AF /* Pods_CyberSpotApp.framework in Frameworks */ = {isa = PBXBuildFile; fileRef = 4A1DEC28403CA724D9939E4D /* Pods_CyberSpotApp.framework */; };
		FA07F09624448B2E00A85E31 /* MatchTableViewCell.swift in Sources */ = {isa = PBXBuildFile; fileRef = FA07F09424448B2E00A85E31 /* MatchTableViewCell.swift */; };
		FA07F09724448B2E00A85E31 /* MatchTableViewCell.xib in Resources */ = {isa = PBXBuildFile; fileRef = FA07F09524448B2E00A85E31 /* MatchTableViewCell.xib */; };
		FA09CA412438A17E002164A3 /* OnboardingViewController.swift in Sources */ = {isa = PBXBuildFile; fileRef = FA09CA402438A17E002164A3 /* OnboardingViewController.swift */; };
		FA09CA472438A438002164A3 /* NewUserService.swift in Sources */ = {isa = PBXBuildFile; fileRef = FA09CA462438A438002164A3 /* NewUserService.swift */; };
		FA09CA492438A4AC002164A3 /* NewUserServiceImpl.swift in Sources */ = {isa = PBXBuildFile; fileRef = FA09CA482438A4AC002164A3 /* NewUserServiceImpl.swift */; };
		FA2163D6244C868200F58F95 /* SettingsAssembly.swift in Sources */ = {isa = PBXBuildFile; fileRef = FA2163D5244C868200F58F95 /* SettingsAssembly.swift */; };
		FA2163D8244C86A900F58F95 /* SettingsViewController.swift in Sources */ = {isa = PBXBuildFile; fileRef = FA2163D7244C86A900F58F95 /* SettingsViewController.swift */; };
		FA2163DB244C87C200F58F95 /* SettingsConfigurationService.swift in Sources */ = {isa = PBXBuildFile; fileRef = FA2163DA244C87C200F58F95 /* SettingsConfigurationService.swift */; };
		FA2163DD244C87D200F58F95 /* SettingsConfigurationServiceImpl.swift in Sources */ = {isa = PBXBuildFile; fileRef = FA2163DC244C87D200F58F95 /* SettingsConfigurationServiceImpl.swift */; };
		FA2163DF244C935200F58F95 /* SettingsViewInput.swift in Sources */ = {isa = PBXBuildFile; fileRef = FA2163DE244C935200F58F95 /* SettingsViewInput.swift */; };
		FA2163E1244C938100F58F95 /* SettingsViewOutput.swift in Sources */ = {isa = PBXBuildFile; fileRef = FA2163E0244C938100F58F95 /* SettingsViewOutput.swift */; };
		FA2163E3244C93A300F58F95 /* SettingsPresenter.swift in Sources */ = {isa = PBXBuildFile; fileRef = FA2163E2244C93A300F58F95 /* SettingsPresenter.swift */; };
		FA2163E5244C93BF00F58F95 /* SettingsInteractor.swift in Sources */ = {isa = PBXBuildFile; fileRef = FA2163E4244C93BF00F58F95 /* SettingsInteractor.swift */; };
		FA2163E7244C93E000F58F95 /* SettingsInteractorInput.swift in Sources */ = {isa = PBXBuildFile; fileRef = FA2163E6244C93E000F58F95 /* SettingsInteractorInput.swift */; };
		FA2163E9244C93FE00F58F95 /* SettingsInteractorOutput.swift in Sources */ = {isa = PBXBuildFile; fileRef = FA2163E8244C93FE00F58F95 /* SettingsInteractorOutput.swift */; };
		FA2163EC244C9E7300F58F95 /* URLConstructorManager.swift in Sources */ = {isa = PBXBuildFile; fileRef = FA2163EB244C9E7300F58F95 /* URLConstructorManager.swift */; };
		FA628C2224223D3100B1DE4A /* AppDelegate.swift in Sources */ = {isa = PBXBuildFile; fileRef = FA628C2124223D3100B1DE4A /* AppDelegate.swift */; };
		FA628C2424223D3100B1DE4A /* SceneDelegate.swift in Sources */ = {isa = PBXBuildFile; fileRef = FA628C2324223D3100B1DE4A /* SceneDelegate.swift */; };
		FA628C2B24223D3100B1DE4A /* Main.storyboard in Resources */ = {isa = PBXBuildFile; fileRef = FA628C2924223D3100B1DE4A /* Main.storyboard */; };
		FA628C2E24223D3100B1DE4A /* CyberSpotApp.xcdatamodeld in Sources */ = {isa = PBXBuildFile; fileRef = FA628C2C24223D3100B1DE4A /* CyberSpotApp.xcdatamodeld */; };
		FA628C3024223D3200B1DE4A /* Assets.xcassets in Resources */ = {isa = PBXBuildFile; fileRef = FA628C2F24223D3200B1DE4A /* Assets.xcassets */; };
		FA628C3324223D3200B1DE4A /* LaunchScreen.storyboard in Resources */ = {isa = PBXBuildFile; fileRef = FA628C3124223D3200B1DE4A /* LaunchScreen.storyboard */; };
		FAB54CAA24433C6C00E582BF /* MatchDTO.swift in Sources */ = {isa = PBXBuildFile; fileRef = FAB54CA924433C6C00E582BF /* MatchDTO.swift */; };
		FAB54CAD24433CFE00E582BF /* ReponseToDTOConverterService.swift in Sources */ = {isa = PBXBuildFile; fileRef = FAB54CAC24433CFE00E582BF /* ReponseToDTOConverterService.swift */; };
		FAB54CAF24433D1800E582BF /* ReponseToDTOConverterServiceImpl.swift in Sources */ = {isa = PBXBuildFile; fileRef = FAB54CAE24433D1800E582BF /* ReponseToDTOConverterServiceImpl.swift */; };
		FABA7E63245257BB00ED654D /* RachabilityManager.swift in Sources */ = {isa = PBXBuildFile; fileRef = FABA7E62245257BB00ED654D /* RachabilityManager.swift */; };
		FABF882B243A2AD1006043F1 /* MatchResponse.swift in Sources */ = {isa = PBXBuildFile; fileRef = FABF882A243A2AD1006043F1 /* MatchResponse.swift */; };
		FABF882E243A36F7006043F1 /* NetworkManagerService.swift in Sources */ = {isa = PBXBuildFile; fileRef = FABF882D243A36F7006043F1 /* NetworkManagerService.swift */; };
		FABF8830243A370C006043F1 /* NetworkManagerServiceImpl.swift in Sources */ = {isa = PBXBuildFile; fileRef = FABF882F243A370C006043F1 /* NetworkManagerServiceImpl.swift */; };
		FAE8E2562438A54800B881B7 /* Constants.swift in Sources */ = {isa = PBXBuildFile; fileRef = FAE8E2552438A54800B881B7 /* Constants.swift */; };
		FAE8E2582438A7D200B881B7 /* OnboardingViewInput.swift in Sources */ = {isa = PBXBuildFile; fileRef = FAE8E2572438A7D200B881B7 /* OnboardingViewInput.swift */; };
		FAE8E25A2438A7F500B881B7 /* OnboardingViewOutput.swift in Sources */ = {isa = PBXBuildFile; fileRef = FAE8E2592438A7F500B881B7 /* OnboardingViewOutput.swift */; };
		FAE8E25C2438A83B00B881B7 /* OnboardingPresenter.swift in Sources */ = {isa = PBXBuildFile; fileRef = FAE8E25B2438A83B00B881B7 /* OnboardingPresenter.swift */; };
		FAE8E25E2438A88800B881B7 /* OnboardingInteractor.swift in Sources */ = {isa = PBXBuildFile; fileRef = FAE8E25D2438A88800B881B7 /* OnboardingInteractor.swift */; };
		FAE8E2602438A8A100B881B7 /* OnboardingInteractorInput.swift in Sources */ = {isa = PBXBuildFile; fileRef = FAE8E25F2438A8A100B881B7 /* OnboardingInteractorInput.swift */; };
		FAE8E2622438A8B000B881B7 /* OnboardingInteractorOutput.swift in Sources */ = {isa = PBXBuildFile; fileRef = FAE8E2612438A8B000B881B7 /* OnboardingInteractorOutput.swift */; };
		FAE8E2652438AA8B00B881B7 /* OnboardingRouter.swift in Sources */ = {isa = PBXBuildFile; fileRef = FAE8E2642438AA8B00B881B7 /* OnboardingRouter.swift */; };
		FAE8E2672438AA9900B881B7 /* OnboardingRouterInput.swift in Sources */ = {isa = PBXBuildFile; fileRef = FAE8E2662438AA9900B881B7 /* OnboardingRouterInput.swift */; };
		FAE8E2692438AD6900B881B7 /* OnboardingAssembly.swift in Sources */ = {isa = PBXBuildFile; fileRef = FAE8E2682438AD6900B881B7 /* OnboardingAssembly.swift */; };
		FAE8E2722438AFB600B881B7 /* MatchResultsAssembly.swift in Sources */ = {isa = PBXBuildFile; fileRef = FAE8E2712438AFB600B881B7 /* MatchResultsAssembly.swift */; };
		FAE8E2742438AFE000B881B7 /* MatchResultsViewController.swift in Sources */ = {isa = PBXBuildFile; fileRef = FAE8E2732438AFE000B881B7 /* MatchResultsViewController.swift */; };
		FAE8E2762438AFF000B881B7 /* MatchResultsViewInput.swift in Sources */ = {isa = PBXBuildFile; fileRef = FAE8E2752438AFF000B881B7 /* MatchResultsViewInput.swift */; };
		FAE8E2782438B00500B881B7 /* MatchResultsViewOutput.swift in Sources */ = {isa = PBXBuildFile; fileRef = FAE8E2772438B00500B881B7 /* MatchResultsViewOutput.swift */; };
		FAE8E27A2438B03000B881B7 /* MatchResultsPresenter.swift in Sources */ = {isa = PBXBuildFile; fileRef = FAE8E2792438B03000B881B7 /* MatchResultsPresenter.swift */; };
		FAE8E27C2438B05800B881B7 /* MatchResultsInteractor.swift in Sources */ = {isa = PBXBuildFile; fileRef = FAE8E27B2438B05800B881B7 /* MatchResultsInteractor.swift */; };
		FAE8E27E2438B07200B881B7 /* MatchResultsInteractorInput.swift in Sources */ = {isa = PBXBuildFile; fileRef = FAE8E27D2438B07200B881B7 /* MatchResultsInteractorInput.swift */; };
		FAE8E2802438B08E00B881B7 /* MatchResultsInteractorOutput.swift in Sources */ = {isa = PBXBuildFile; fileRef = FAE8E27F2438B08E00B881B7 /* MatchResultsInteractorOutput.swift */; };
		FAE8E2822438B0C100B881B7 /* MatchResultsRouter.swift in Sources */ = {isa = PBXBuildFile; fileRef = FAE8E2812438B0C100B881B7 /* MatchResultsRouter.swift */; };
		FAE8E2842438B0D600B881B7 /* MatchResultsRouterInput.swift in Sources */ = {isa = PBXBuildFile; fileRef = FAE8E2832438B0D600B881B7 /* MatchResultsRouterInput.swift */; };
		FAE8E2872438B66600B881B7 /* TabBarController.swift in Sources */ = {isa = PBXBuildFile; fileRef = FAE8E2862438B66600B881B7 /* TabBarController.swift */; };
/* End PBXBuildFile section */

/* Begin PBXFileReference section */
		34C6459B8913A52AE56670BF /* Pods-CyberSpotApp.debug.xcconfig */ = {isa = PBXFileReference; includeInIndex = 1; lastKnownFileType = text.xcconfig; name = "Pods-CyberSpotApp.debug.xcconfig"; path = "Target Support Files/Pods-CyberSpotApp/Pods-CyberSpotApp.debug.xcconfig"; sourceTree = "<group>"; };
		4A1DEC28403CA724D9939E4D /* Pods_CyberSpotApp.framework */ = {isa = PBXFileReference; explicitFileType = wrapper.framework; includeInIndex = 0; path = Pods_CyberSpotApp.framework; sourceTree = BUILT_PRODUCTS_DIR; };
		922076F941964EFFE8973DD9 /* Pods-CyberSpotApp.release.xcconfig */ = {isa = PBXFileReference; includeInIndex = 1; lastKnownFileType = text.xcconfig; name = "Pods-CyberSpotApp.release.xcconfig"; path = "Target Support Files/Pods-CyberSpotApp/Pods-CyberSpotApp.release.xcconfig"; sourceTree = "<group>"; };
		FA07F09424448B2E00A85E31 /* MatchTableViewCell.swift */ = {isa = PBXFileReference; lastKnownFileType = sourcecode.swift; path = MatchTableViewCell.swift; sourceTree = "<group>"; };
		FA07F09524448B2E00A85E31 /* MatchTableViewCell.xib */ = {isa = PBXFileReference; lastKnownFileType = file.xib; path = MatchTableViewCell.xib; sourceTree = "<group>"; };
		FA09CA402438A17E002164A3 /* OnboardingViewController.swift */ = {isa = PBXFileReference; lastKnownFileType = sourcecode.swift; path = OnboardingViewController.swift; sourceTree = "<group>"; };
		FA09CA462438A438002164A3 /* NewUserService.swift */ = {isa = PBXFileReference; lastKnownFileType = sourcecode.swift; path = NewUserService.swift; sourceTree = "<group>"; };
		FA09CA482438A4AC002164A3 /* NewUserServiceImpl.swift */ = {isa = PBXFileReference; lastKnownFileType = sourcecode.swift; path = NewUserServiceImpl.swift; sourceTree = "<group>"; };
		FA2163D5244C868200F58F95 /* SettingsAssembly.swift */ = {isa = PBXFileReference; lastKnownFileType = sourcecode.swift; path = SettingsAssembly.swift; sourceTree = "<group>"; };
		FA2163D7244C86A900F58F95 /* SettingsViewController.swift */ = {isa = PBXFileReference; lastKnownFileType = sourcecode.swift; path = SettingsViewController.swift; sourceTree = "<group>"; };
		FA2163DA244C87C200F58F95 /* SettingsConfigurationService.swift */ = {isa = PBXFileReference; lastKnownFileType = sourcecode.swift; path = SettingsConfigurationService.swift; sourceTree = "<group>"; };
		FA2163DC244C87D200F58F95 /* SettingsConfigurationServiceImpl.swift */ = {isa = PBXFileReference; lastKnownFileType = sourcecode.swift; path = SettingsConfigurationServiceImpl.swift; sourceTree = "<group>"; };
		FA2163DE244C935200F58F95 /* SettingsViewInput.swift */ = {isa = PBXFileReference; lastKnownFileType = sourcecode.swift; path = SettingsViewInput.swift; sourceTree = "<group>"; };
		FA2163E0244C938100F58F95 /* SettingsViewOutput.swift */ = {isa = PBXFileReference; lastKnownFileType = sourcecode.swift; path = SettingsViewOutput.swift; sourceTree = "<group>"; };
		FA2163E2244C93A300F58F95 /* SettingsPresenter.swift */ = {isa = PBXFileReference; lastKnownFileType = sourcecode.swift; path = SettingsPresenter.swift; sourceTree = "<group>"; };
		FA2163E4244C93BF00F58F95 /* SettingsInteractor.swift */ = {isa = PBXFileReference; lastKnownFileType = sourcecode.swift; path = SettingsInteractor.swift; sourceTree = "<group>"; };
		FA2163E6244C93E000F58F95 /* SettingsInteractorInput.swift */ = {isa = PBXFileReference; lastKnownFileType = sourcecode.swift; path = SettingsInteractorInput.swift; sourceTree = "<group>"; };
		FA2163E8244C93FE00F58F95 /* SettingsInteractorOutput.swift */ = {isa = PBXFileReference; lastKnownFileType = sourcecode.swift; path = SettingsInteractorOutput.swift; sourceTree = "<group>"; };
		FA2163EB244C9E7300F58F95 /* URLConstructorManager.swift */ = {isa = PBXFileReference; lastKnownFileType = sourcecode.swift; path = URLConstructorManager.swift; sourceTree = "<group>"; };
		FA628C1E24223D3100B1DE4A /* CyberSpotApp.app */ = {isa = PBXFileReference; explicitFileType = wrapper.application; includeInIndex = 0; path = CyberSpotApp.app; sourceTree = BUILT_PRODUCTS_DIR; };
		FA628C2124223D3100B1DE4A /* AppDelegate.swift */ = {isa = PBXFileReference; lastKnownFileType = sourcecode.swift; path = AppDelegate.swift; sourceTree = "<group>"; };
		FA628C2324223D3100B1DE4A /* SceneDelegate.swift */ = {isa = PBXFileReference; lastKnownFileType = sourcecode.swift; path = SceneDelegate.swift; sourceTree = "<group>"; };
		FA628C2A24223D3100B1DE4A /* Base */ = {isa = PBXFileReference; lastKnownFileType = file.storyboard; name = Base; path = Base.lproj/Main.storyboard; sourceTree = "<group>"; };
		FA628C2D24223D3100B1DE4A /* CyberSpotApp.xcdatamodel */ = {isa = PBXFileReference; lastKnownFileType = wrapper.xcdatamodel; path = CyberSpotApp.xcdatamodel; sourceTree = "<group>"; };
		FA628C2F24223D3200B1DE4A /* Assets.xcassets */ = {isa = PBXFileReference; lastKnownFileType = folder.assetcatalog; path = Assets.xcassets; sourceTree = "<group>"; };
		FA628C3224223D3200B1DE4A /* Base */ = {isa = PBXFileReference; lastKnownFileType = file.storyboard; name = Base; path = Base.lproj/LaunchScreen.storyboard; sourceTree = "<group>"; };
		FA628C3424223D3200B1DE4A /* Info.plist */ = {isa = PBXFileReference; lastKnownFileType = text.plist.xml; path = Info.plist; sourceTree = "<group>"; };
		FAB54CA924433C6C00E582BF /* MatchDTO.swift */ = {isa = PBXFileReference; lastKnownFileType = sourcecode.swift; path = MatchDTO.swift; sourceTree = "<group>"; };
		FAB54CAC24433CFE00E582BF /* ReponseToDTOConverterService.swift */ = {isa = PBXFileReference; lastKnownFileType = sourcecode.swift; path = ReponseToDTOConverterService.swift; sourceTree = "<group>"; };
		FAB54CAE24433D1800E582BF /* ReponseToDTOConverterServiceImpl.swift */ = {isa = PBXFileReference; lastKnownFileType = sourcecode.swift; path = ReponseToDTOConverterServiceImpl.swift; sourceTree = "<group>"; };
		FABA7E62245257BB00ED654D /* RachabilityManager.swift */ = {isa = PBXFileReference; lastKnownFileType = sourcecode.swift; path = RachabilityManager.swift; sourceTree = "<group>"; };
		FABF882A243A2AD1006043F1 /* MatchResponse.swift */ = {isa = PBXFileReference; lastKnownFileType = sourcecode.swift; path = MatchResponse.swift; sourceTree = "<group>"; };
		FABF882D243A36F7006043F1 /* NetworkManagerService.swift */ = {isa = PBXFileReference; lastKnownFileType = sourcecode.swift; path = NetworkManagerService.swift; sourceTree = "<group>"; };
		FABF882F243A370C006043F1 /* NetworkManagerServiceImpl.swift */ = {isa = PBXFileReference; lastKnownFileType = sourcecode.swift; path = NetworkManagerServiceImpl.swift; sourceTree = "<group>"; };
		FAE8E2552438A54800B881B7 /* Constants.swift */ = {isa = PBXFileReference; lastKnownFileType = sourcecode.swift; path = Constants.swift; sourceTree = "<group>"; };
		FAE8E2572438A7D200B881B7 /* OnboardingViewInput.swift */ = {isa = PBXFileReference; lastKnownFileType = sourcecode.swift; path = OnboardingViewInput.swift; sourceTree = "<group>"; };
		FAE8E2592438A7F500B881B7 /* OnboardingViewOutput.swift */ = {isa = PBXFileReference; lastKnownFileType = sourcecode.swift; path = OnboardingViewOutput.swift; sourceTree = "<group>"; };
		FAE8E25B2438A83B00B881B7 /* OnboardingPresenter.swift */ = {isa = PBXFileReference; lastKnownFileType = sourcecode.swift; path = OnboardingPresenter.swift; sourceTree = "<group>"; };
		FAE8E25D2438A88800B881B7 /* OnboardingInteractor.swift */ = {isa = PBXFileReference; lastKnownFileType = sourcecode.swift; path = OnboardingInteractor.swift; sourceTree = "<group>"; };
		FAE8E25F2438A8A100B881B7 /* OnboardingInteractorInput.swift */ = {isa = PBXFileReference; lastKnownFileType = sourcecode.swift; path = OnboardingInteractorInput.swift; sourceTree = "<group>"; };
		FAE8E2612438A8B000B881B7 /* OnboardingInteractorOutput.swift */ = {isa = PBXFileReference; lastKnownFileType = sourcecode.swift; path = OnboardingInteractorOutput.swift; sourceTree = "<group>"; };
		FAE8E2642438AA8B00B881B7 /* OnboardingRouter.swift */ = {isa = PBXFileReference; lastKnownFileType = sourcecode.swift; path = OnboardingRouter.swift; sourceTree = "<group>"; };
		FAE8E2662438AA9900B881B7 /* OnboardingRouterInput.swift */ = {isa = PBXFileReference; lastKnownFileType = sourcecode.swift; path = OnboardingRouterInput.swift; sourceTree = "<group>"; };
		FAE8E2682438AD6900B881B7 /* OnboardingAssembly.swift */ = {isa = PBXFileReference; lastKnownFileType = sourcecode.swift; path = OnboardingAssembly.swift; sourceTree = "<group>"; };
		FAE8E2712438AFB600B881B7 /* MatchResultsAssembly.swift */ = {isa = PBXFileReference; lastKnownFileType = sourcecode.swift; path = MatchResultsAssembly.swift; sourceTree = "<group>"; };
		FAE8E2732438AFE000B881B7 /* MatchResultsViewController.swift */ = {isa = PBXFileReference; lastKnownFileType = sourcecode.swift; path = MatchResultsViewController.swift; sourceTree = "<group>"; };
		FAE8E2752438AFF000B881B7 /* MatchResultsViewInput.swift */ = {isa = PBXFileReference; lastKnownFileType = sourcecode.swift; path = MatchResultsViewInput.swift; sourceTree = "<group>"; };
		FAE8E2772438B00500B881B7 /* MatchResultsViewOutput.swift */ = {isa = PBXFileReference; lastKnownFileType = sourcecode.swift; path = MatchResultsViewOutput.swift; sourceTree = "<group>"; };
		FAE8E2792438B03000B881B7 /* MatchResultsPresenter.swift */ = {isa = PBXFileReference; lastKnownFileType = sourcecode.swift; path = MatchResultsPresenter.swift; sourceTree = "<group>"; };
		FAE8E27B2438B05800B881B7 /* MatchResultsInteractor.swift */ = {isa = PBXFileReference; lastKnownFileType = sourcecode.swift; path = MatchResultsInteractor.swift; sourceTree = "<group>"; };
		FAE8E27D2438B07200B881B7 /* MatchResultsInteractorInput.swift */ = {isa = PBXFileReference; lastKnownFileType = sourcecode.swift; path = MatchResultsInteractorInput.swift; sourceTree = "<group>"; };
		FAE8E27F2438B08E00B881B7 /* MatchResultsInteractorOutput.swift */ = {isa = PBXFileReference; lastKnownFileType = sourcecode.swift; path = MatchResultsInteractorOutput.swift; sourceTree = "<group>"; };
		FAE8E2812438B0C100B881B7 /* MatchResultsRouter.swift */ = {isa = PBXFileReference; lastKnownFileType = sourcecode.swift; path = MatchResultsRouter.swift; sourceTree = "<group>"; };
		FAE8E2832438B0D600B881B7 /* MatchResultsRouterInput.swift */ = {isa = PBXFileReference; lastKnownFileType = sourcecode.swift; path = MatchResultsRouterInput.swift; sourceTree = "<group>"; };
		FAE8E2862438B66600B881B7 /* TabBarController.swift */ = {isa = PBXFileReference; lastKnownFileType = sourcecode.swift; path = TabBarController.swift; sourceTree = "<group>"; };
/* End PBXFileReference section */

/* Begin PBXFrameworksBuildPhase section */
		FA628C1B24223D3100B1DE4A /* Frameworks */ = {
			isa = PBXFrameworksBuildPhase;
			buildActionMask = 2147483647;
			files = (
				7F77337B5B1B762298B346AF /* Pods_CyberSpotApp.framework in Frameworks */,
			);
			runOnlyForDeploymentPostprocessing = 0;
		};
/* End PBXFrameworksBuildPhase section */

/* Begin PBXGroup section */
		5EE5E1557AC818F569708220 /* Frameworks */ = {
			isa = PBXGroup;
			children = (
				4A1DEC28403CA724D9939E4D /* Pods_CyberSpotApp.framework */,
			);
			name = Frameworks;
			sourceTree = "<group>";
		};
		86EB7DCF4B7110105689CC6A /* Pods */ = {
			isa = PBXGroup;
			children = (
				34C6459B8913A52AE56670BF /* Pods-CyberSpotApp.debug.xcconfig */,
				922076F941964EFFE8973DD9 /* Pods-CyberSpotApp.release.xcconfig */,
			);
			path = Pods;
			sourceTree = "<group>";
		};
		FA07F09224448B0B00A85E31 /* View */ = {
			isa = PBXGroup;
			children = (
				FA07F09324448B1300A85E31 /* MatchTableViewCell */,
			);
			path = View;
			sourceTree = "<group>";
		};
		FA07F09324448B1300A85E31 /* MatchTableViewCell */ = {
			isa = PBXGroup;
			children = (
				FA07F09424448B2E00A85E31 /* MatchTableViewCell.swift */,
				FA07F09524448B2E00A85E31 /* MatchTableViewCell.xib */,
			);
			path = MatchTableViewCell;
			sourceTree = "<group>";
		};
		FA09CA3F24389F8D002164A3 /* OnboardingModule */ = {
			isa = PBXGroup;
			children = (
				FAE8E2632438AA7B00B881B7 /* Router */,
				FA09CA442438A35C002164A3 /* Interactor */,
				FA09CA432438A351002164A3 /* Presenter */,
				FA09CA422438A33D002164A3 /* View */,
				FAE8E2682438AD6900B881B7 /* OnboardingAssembly.swift */,
			);
			path = OnboardingModule;
			sourceTree = "<group>";
		};
		FA09CA422438A33D002164A3 /* View */ = {
			isa = PBXGroup;
			children = (
				FA09CA402438A17E002164A3 /* OnboardingViewController.swift */,
				FAE8E2572438A7D200B881B7 /* OnboardingViewInput.swift */,
				FAE8E2592438A7F500B881B7 /* OnboardingViewOutput.swift */,
			);
			path = View;
			sourceTree = "<group>";
		};
		FA09CA432438A351002164A3 /* Presenter */ = {
			isa = PBXGroup;
			children = (
				FAE8E25B2438A83B00B881B7 /* OnboardingPresenter.swift */,
			);
			path = Presenter;
			sourceTree = "<group>";
		};
		FA09CA442438A35C002164A3 /* Interactor */ = {
			isa = PBXGroup;
			children = (
				FAE8E25D2438A88800B881B7 /* OnboardingInteractor.swift */,
				FAE8E25F2438A8A100B881B7 /* OnboardingInteractorInput.swift */,
				FAE8E2612438A8B000B881B7 /* OnboardingInteractorOutput.swift */,
			);
			path = Interactor;
			sourceTree = "<group>";
		};
		FA09CA452438A3FC002164A3 /* Service */ = {
			isa = PBXGroup;
			children = (
				FA2163D9244C879F00F58F95 /* SettingsConfigurationService */,
				FAB54CAB24433CDD00E582BF /* ResponseToDTOConverterService */,
				FABF882C243A36E2006043F1 /* NetworkManagerService */,
				FA09CA4A2438A4C9002164A3 /* NewUserCheckerService */,
			);
			path = Service;
			sourceTree = "<group>";
		};
		FA09CA4A2438A4C9002164A3 /* NewUserCheckerService */ = {
			isa = PBXGroup;
			children = (
				FA09CA462438A438002164A3 /* NewUserService.swift */,
				FA09CA482438A4AC002164A3 /* NewUserServiceImpl.swift */,
			);
			path = NewUserCheckerService;
			sourceTree = "<group>";
		};
		FA2163D1244C864900F58F95 /* SettingsModule */ = {
			isa = PBXGroup;
			children = (
				FA2163D4244C866900F58F95 /* Interactor */,
				FA2163D3244C866400F58F95 /* Presenter */,
				FA2163D2244C866000F58F95 /* View */,
				FA2163D5244C868200F58F95 /* SettingsAssembly.swift */,
			);
			path = SettingsModule;
			sourceTree = "<group>";
		};
		FA2163D2244C866000F58F95 /* View */ = {
			isa = PBXGroup;
			children = (
				FA2163D7244C86A900F58F95 /* SettingsViewController.swift */,
				FA2163DE244C935200F58F95 /* SettingsViewInput.swift */,
				FA2163E0244C938100F58F95 /* SettingsViewOutput.swift */,
			);
			path = View;
			sourceTree = "<group>";
		};
		FA2163D3244C866400F58F95 /* Presenter */ = {
			isa = PBXGroup;
			children = (
				FA2163E2244C93A300F58F95 /* SettingsPresenter.swift */,
			);
			path = Presenter;
			sourceTree = "<group>";
		};
		FA2163D4244C866900F58F95 /* Interactor */ = {
			isa = PBXGroup;
			children = (
				FA2163E4244C93BF00F58F95 /* SettingsInteractor.swift */,
				FA2163E6244C93E000F58F95 /* SettingsInteractorInput.swift */,
				FA2163E8244C93FE00F58F95 /* SettingsInteractorOutput.swift */,
			);
			path = Interactor;
			sourceTree = "<group>";
		};
		FA2163D9244C879F00F58F95 /* SettingsConfigurationService */ = {
			isa = PBXGroup;
			children = (
				FA2163DA244C87C200F58F95 /* SettingsConfigurationService.swift */,
				FA2163DC244C87D200F58F95 /* SettingsConfigurationServiceImpl.swift */,
			);
			path = SettingsConfigurationService;
			sourceTree = "<group>";
		};
		FA2163EA244C9E5800F58F95 /* Manager */ = {
			isa = PBXGroup;
			children = (
				FA2163EB244C9E7300F58F95 /* URLConstructorManager.swift */,
				FABA7E62245257BB00ED654D /* RachabilityManager.swift */,
			);
			path = Manager;
			sourceTree = "<group>";
		};
		FA628C1524223D3100B1DE4A = {
			isa = PBXGroup;
			children = (
				FA628C2024223D3100B1DE4A /* CyberSpotApp */,
				FA628C1F24223D3100B1DE4A /* Products */,
				86EB7DCF4B7110105689CC6A /* Pods */,
				5EE5E1557AC818F569708220 /* Frameworks */,
			);
			sourceTree = "<group>";
		};
		FA628C1F24223D3100B1DE4A /* Products */ = {
			isa = PBXGroup;
			children = (
				FA628C1E24223D3100B1DE4A /* CyberSpotApp.app */,
			);
			name = Products;
			sourceTree = "<group>";
		};
		FA628C2024223D3100B1DE4A /* CyberSpotApp */ = {
			isa = PBXGroup;
			children = (
				FABF8828243A2A65006043F1 /* Entity */,
				FAE8E26A2438AF5C00B881B7 /* Module */,
				FAE8E2542438A53A00B881B7 /* Helper */,
				FA09CA452438A3FC002164A3 /* Service */,
				FA628C2124223D3100B1DE4A /* AppDelegate.swift */,
				FA628C2324223D3100B1DE4A /* SceneDelegate.swift */,
				FA628C2924223D3100B1DE4A /* Main.storyboard */,
				FA628C2F24223D3200B1DE4A /* Assets.xcassets */,
				FA628C3124223D3200B1DE4A /* LaunchScreen.storyboard */,
				FA628C3424223D3200B1DE4A /* Info.plist */,
				FA628C2C24223D3100B1DE4A /* CyberSpotApp.xcdatamodeld */,
			);
			path = CyberSpotApp;
			sourceTree = "<group>";
		};
		FAB54CA824433C5B00E582BF /* DTO */ = {
			isa = PBXGroup;
			children = (
				FAB54CA924433C6C00E582BF /* MatchDTO.swift */,
			);
			path = DTO;
			sourceTree = "<group>";
		};
		FAB54CAB24433CDD00E582BF /* ResponseToDTOConverterService */ = {
			isa = PBXGroup;
			children = (
				FAB54CAC24433CFE00E582BF /* ReponseToDTOConverterService.swift */,
				FAB54CAE24433D1800E582BF /* ReponseToDTOConverterServiceImpl.swift */,
			);
			path = ResponseToDTOConverterService;
			sourceTree = "<group>";
		};
		FAB54CB024434D7500E582BF /* Constants */ = {
			isa = PBXGroup;
			children = (
				FAE8E2552438A54800B881B7 /* Constants.swift */,
			);
			path = Constants;
			sourceTree = "<group>";
		};
		FABF8828243A2A65006043F1 /* Entity */ = {
			isa = PBXGroup;
			children = (
				FAB54CA824433C5B00E582BF /* DTO */,
				FABF8829243A2A6F006043F1 /* Network */,
			);
			path = Entity;
			sourceTree = "<group>";
		};
		FABF8829243A2A6F006043F1 /* Network */ = {
			isa = PBXGroup;
			children = (
				FABF882A243A2AD1006043F1 /* MatchResponse.swift */,
			);
			path = Network;
			sourceTree = "<group>";
		};
		FABF882C243A36E2006043F1 /* NetworkManagerService */ = {
			isa = PBXGroup;
			children = (
				FABF882D243A36F7006043F1 /* NetworkManagerService.swift */,
				FABF882F243A370C006043F1 /* NetworkManagerServiceImpl.swift */,
			);
			path = NetworkManagerService;
			sourceTree = "<group>";
		};
		FAE8E2542438A53A00B881B7 /* Helper */ = {
			isa = PBXGroup;
			children = (
				FA2163EA244C9E5800F58F95 /* Manager */,
				FA07F09224448B0B00A85E31 /* View */,
				FAB54CB024434D7500E582BF /* Constants */,
			);
			path = Helper;
			sourceTree = "<group>";
		};
		FAE8E2632438AA7B00B881B7 /* Router */ = {
			isa = PBXGroup;
			children = (
				FAE8E2642438AA8B00B881B7 /* OnboardingRouter.swift */,
				FAE8E2662438AA9900B881B7 /* OnboardingRouterInput.swift */,
			);
			path = Router;
			sourceTree = "<group>";
		};
		FAE8E26A2438AF5C00B881B7 /* Module */ = {
			isa = PBXGroup;
			children = (
				FA2163D1244C864900F58F95 /* SettingsModule */,
				FAE8E2852438B64500B881B7 /* TabBarController */,
				FAE8E26B2438AF6900B881B7 /* MatchResultsModule */,
				FA09CA3F24389F8D002164A3 /* OnboardingModule */,
			);
			path = Module;
			sourceTree = "<group>";
		};
		FAE8E26B2438AF6900B881B7 /* MatchResultsModule */ = {
			isa = PBXGroup;
			children = (
				FAE8E26F2438AFA300B881B7 /* Router */,
				FAE8E26E2438AF9C00B881B7 /* Interactor */,
				FAE8E26D2438AF9500B881B7 /* Presenter */,
				FAE8E26C2438AF8500B881B7 /* View */,
				FAE8E2712438AFB600B881B7 /* MatchResultsAssembly.swift */,
			);
			path = MatchResultsModule;
			sourceTree = "<group>";
		};
		FAE8E26C2438AF8500B881B7 /* View */ = {
			isa = PBXGroup;
			children = (
				FAE8E2732438AFE000B881B7 /* MatchResultsViewController.swift */,
				FAE8E2752438AFF000B881B7 /* MatchResultsViewInput.swift */,
				FAE8E2772438B00500B881B7 /* MatchResultsViewOutput.swift */,
			);
			path = View;
			sourceTree = "<group>";
		};
		FAE8E26D2438AF9500B881B7 /* Presenter */ = {
			isa = PBXGroup;
			children = (
				FAE8E2792438B03000B881B7 /* MatchResultsPresenter.swift */,
			);
			path = Presenter;
			sourceTree = "<group>";
		};
		FAE8E26E2438AF9C00B881B7 /* Interactor */ = {
			isa = PBXGroup;
			children = (
				FAE8E27B2438B05800B881B7 /* MatchResultsInteractor.swift */,
				FAE8E27D2438B07200B881B7 /* MatchResultsInteractorInput.swift */,
				FAE8E27F2438B08E00B881B7 /* MatchResultsInteractorOutput.swift */,
			);
			path = Interactor;
			sourceTree = "<group>";
		};
		FAE8E26F2438AFA300B881B7 /* Router */ = {
			isa = PBXGroup;
			children = (
				FAE8E2812438B0C100B881B7 /* MatchResultsRouter.swift */,
				FAE8E2832438B0D600B881B7 /* MatchResultsRouterInput.swift */,
			);
			path = Router;
			sourceTree = "<group>";
		};
		FAE8E2852438B64500B881B7 /* TabBarController */ = {
			isa = PBXGroup;
			children = (
				FAE8E2862438B66600B881B7 /* TabBarController.swift */,
			);
			path = TabBarController;
			sourceTree = "<group>";
		};
/* End PBXGroup section */

/* Begin PBXNativeTarget section */
		FA628C1D24223D3100B1DE4A /* CyberSpotApp */ = {
			isa = PBXNativeTarget;
			buildConfigurationList = FA628C3724223D3200B1DE4A /* Build configuration list for PBXNativeTarget "CyberSpotApp" */;
			buildPhases = (
				CBE0CF0B64E99841AC628CB6 /* [CP] Check Pods Manifest.lock */,
				FA628C1A24223D3100B1DE4A /* Sources */,
				FA628C1B24223D3100B1DE4A /* Frameworks */,
				FA628C1C24223D3100B1DE4A /* Resources */,
				D620F3BC6F34B128F46FFAC2 /* [CP] Embed Pods Frameworks */,
			);
			buildRules = (
			);
			dependencies = (
			);
			name = CyberSpotApp;
			productName = CyberSpotApp;
			productReference = FA628C1E24223D3100B1DE4A /* CyberSpotApp.app */;
			productType = "com.apple.product-type.application";
		};
/* End PBXNativeTarget section */

/* Begin PBXProject section */
		FA628C1624223D3100B1DE4A /* Project object */ = {
			isa = PBXProject;
			attributes = {
				LastSwiftUpdateCheck = 1130;
				LastUpgradeCheck = 1130;
				ORGANIZATIONNAME = "Евгений Кузьмин";
				TargetAttributes = {
					FA628C1D24223D3100B1DE4A = {
						CreatedOnToolsVersion = 11.3.1;
					};
				};
			};
			buildConfigurationList = FA628C1924223D3100B1DE4A /* Build configuration list for PBXProject "CyberSpotApp" */;
			compatibilityVersion = "Xcode 9.3";
			developmentRegion = en;
			hasScannedForEncodings = 0;
			knownRegions = (
				en,
				Base,
			);
			mainGroup = FA628C1524223D3100B1DE4A;
			productRefGroup = FA628C1F24223D3100B1DE4A /* Products */;
			projectDirPath = "";
			projectRoot = "";
			targets = (
				FA628C1D24223D3100B1DE4A /* CyberSpotApp */,
			);
		};
/* End PBXProject section */

/* Begin PBXResourcesBuildPhase section */
		FA628C1C24223D3100B1DE4A /* Resources */ = {
			isa = PBXResourcesBuildPhase;
			buildActionMask = 2147483647;
			files = (
				FA628C3324223D3200B1DE4A /* LaunchScreen.storyboard in Resources */,
				FA628C3024223D3200B1DE4A /* Assets.xcassets in Resources */,
				FA628C2B24223D3100B1DE4A /* Main.storyboard in Resources */,
				FA07F09724448B2E00A85E31 /* MatchTableViewCell.xib in Resources */,
			);
			runOnlyForDeploymentPostprocessing = 0;
		};
/* End PBXResourcesBuildPhase section */

/* Begin PBXShellScriptBuildPhase section */
		CBE0CF0B64E99841AC628CB6 /* [CP] Check Pods Manifest.lock */ = {
			isa = PBXShellScriptBuildPhase;
			buildActionMask = 2147483647;
			files = (
			);
			inputFileListPaths = (
			);
			inputPaths = (
				"${PODS_PODFILE_DIR_PATH}/Podfile.lock",
				"${PODS_ROOT}/Manifest.lock",
			);
			name = "[CP] Check Pods Manifest.lock";
			outputFileListPaths = (
			);
			outputPaths = (
				"$(DERIVED_FILE_DIR)/Pods-CyberSpotApp-checkManifestLockResult.txt",
			);
			runOnlyForDeploymentPostprocessing = 0;
			shellPath = /bin/sh;
			shellScript = "diff \"${PODS_PODFILE_DIR_PATH}/Podfile.lock\" \"${PODS_ROOT}/Manifest.lock\" > /dev/null\nif [ $? != 0 ] ; then\n    # print error to STDERR\n    echo \"error: The sandbox is not in sync with the Podfile.lock. Run 'pod install' or update your CocoaPods installation.\" >&2\n    exit 1\nfi\n# This output is used by Xcode 'outputs' to avoid re-running this script phase.\necho \"SUCCESS\" > \"${SCRIPT_OUTPUT_FILE_0}\"\n";
			showEnvVarsInLog = 0;
		};
		D620F3BC6F34B128F46FFAC2 /* [CP] Embed Pods Frameworks */ = {
			isa = PBXShellScriptBuildPhase;
			buildActionMask = 2147483647;
			files = (
			);
			inputFileListPaths = (
				"${PODS_ROOT}/Target Support Files/Pods-CyberSpotApp/Pods-CyberSpotApp-frameworks-${CONFIGURATION}-input-files.xcfilelist",
			);
			name = "[CP] Embed Pods Frameworks";
			outputFileListPaths = (
				"${PODS_ROOT}/Target Support Files/Pods-CyberSpotApp/Pods-CyberSpotApp-frameworks-${CONFIGURATION}-output-files.xcfilelist",
			);
			runOnlyForDeploymentPostprocessing = 0;
			shellPath = /bin/sh;
			shellScript = "\"${PODS_ROOT}/Target Support Files/Pods-CyberSpotApp/Pods-CyberSpotApp-frameworks.sh\"\n";
			showEnvVarsInLog = 0;
		};
/* End PBXShellScriptBuildPhase section */

/* Begin PBXSourcesBuildPhase section */
		FA628C1A24223D3100B1DE4A /* Sources */ = {
			isa = PBXSourcesBuildPhase;
			buildActionMask = 2147483647;
			files = (
				FAB54CAF24433D1800E582BF /* ReponseToDTOConverterServiceImpl.swift in Sources */,
				FAE8E2602438A8A100B881B7 /* OnboardingInteractorInput.swift in Sources */,
				FA628C2E24223D3100B1DE4A /* CyberSpotApp.xcdatamodeld in Sources */,
				FA2163DB244C87C200F58F95 /* SettingsConfigurationService.swift in Sources */,
				FAE8E2782438B00500B881B7 /* MatchResultsViewOutput.swift in Sources */,
				FAE8E2872438B66600B881B7 /* TabBarController.swift in Sources */,
				FAE8E2672438AA9900B881B7 /* OnboardingRouterInput.swift in Sources */,
				FA09CA492438A4AC002164A3 /* NewUserServiceImpl.swift in Sources */,
				FA2163E1244C938100F58F95 /* SettingsViewOutput.swift in Sources */,
				FAE8E27C2438B05800B881B7 /* MatchResultsInteractor.swift in Sources */,
				FAB54CAA24433C6C00E582BF /* MatchDTO.swift in Sources */,
				FAE8E2842438B0D600B881B7 /* MatchResultsRouterInput.swift in Sources */,
				FAE8E27E2438B07200B881B7 /* MatchResultsInteractorInput.swift in Sources */,
				FAE8E2652438AA8B00B881B7 /* OnboardingRouter.swift in Sources */,
				FAE8E2582438A7D200B881B7 /* OnboardingViewInput.swift in Sources */,
				FAE8E2692438AD6900B881B7 /* OnboardingAssembly.swift in Sources */,
				FAE8E2722438AFB600B881B7 /* MatchResultsAssembly.swift in Sources */,
				FA2163E5244C93BF00F58F95 /* SettingsInteractor.swift in Sources */,
				FA628C2224223D3100B1DE4A /* AppDelegate.swift in Sources */,
				FA628C2424223D3100B1DE4A /* SceneDelegate.swift in Sources */,
				FA2163D6244C868200F58F95 /* SettingsAssembly.swift in Sources */,
				FAE8E2562438A54800B881B7 /* Constants.swift in Sources */,
				FA2163E9244C93FE00F58F95 /* SettingsInteractorOutput.swift in Sources */,
				FAE8E2822438B0C100B881B7 /* MatchResultsRouter.swift in Sources */,
				FA2163E3244C93A300F58F95 /* SettingsPresenter.swift in Sources */,
				FA2163DD244C87D200F58F95 /* SettingsConfigurationServiceImpl.swift in Sources */,
				FA2163EC244C9E7300F58F95 /* URLConstructorManager.swift in Sources */,
				FA09CA412438A17E002164A3 /* OnboardingViewController.swift in Sources */,
				FABF882E243A36F7006043F1 /* NetworkManagerService.swift in Sources */,
				FABF882B243A2AD1006043F1 /* MatchResponse.swift in Sources */,
				FAE8E25E2438A88800B881B7 /* OnboardingInteractor.swift in Sources */,
				FAE8E2802438B08E00B881B7 /* MatchResultsInteractorOutput.swift in Sources */,
				FAE8E2622438A8B000B881B7 /* OnboardingInteractorOutput.swift in Sources */,
				FA2163E7244C93E000F58F95 /* SettingsInteractorInput.swift in Sources */,
				FA07F09624448B2E00A85E31 /* MatchTableViewCell.swift in Sources */,
				FAE8E27A2438B03000B881B7 /* MatchResultsPresenter.swift in Sources */,
				FABA7E63245257BB00ED654D /* RachabilityManager.swift in Sources */,
				FAE8E2742438AFE000B881B7 /* MatchResultsViewController.swift in Sources */,
				FAE8E25C2438A83B00B881B7 /* OnboardingPresenter.swift in Sources */,
				FA09CA472438A438002164A3 /* NewUserService.swift in Sources */,
				FAB54CAD24433CFE00E582BF /* ReponseToDTOConverterService.swift in Sources */,
				FA2163DF244C935200F58F95 /* SettingsViewInput.swift in Sources */,
				FAE8E2762438AFF000B881B7 /* MatchResultsViewInput.swift in Sources */,
				FABF8830243A370C006043F1 /* NetworkManagerServiceImpl.swift in Sources */,
				FAE8E25A2438A7F500B881B7 /* OnboardingViewOutput.swift in Sources */,
				FA2163D8244C86A900F58F95 /* SettingsViewController.swift in Sources */,
			);
			runOnlyForDeploymentPostprocessing = 0;
		};
/* End PBXSourcesBuildPhase section */

/* Begin PBXVariantGroup section */
		FA628C2924223D3100B1DE4A /* Main.storyboard */ = {
			isa = PBXVariantGroup;
			children = (
				FA628C2A24223D3100B1DE4A /* Base */,
			);
			name = Main.storyboard;
			sourceTree = "<group>";
		};
		FA628C3124223D3200B1DE4A /* LaunchScreen.storyboard */ = {
			isa = PBXVariantGroup;
			children = (
				FA628C3224223D3200B1DE4A /* Base */,
			);
			name = LaunchScreen.storyboard;
			sourceTree = "<group>";
		};
/* End PBXVariantGroup section */

/* Begin XCBuildConfiguration section */
		FA628C3524223D3200B1DE4A /* Debug */ = {
			isa = XCBuildConfiguration;
			buildSettings = {
				ALWAYS_SEARCH_USER_PATHS = NO;
				CLANG_ANALYZER_NONNULL = YES;
				CLANG_ANALYZER_NUMBER_OBJECT_CONVERSION = YES_AGGRESSIVE;
				CLANG_CXX_LANGUAGE_STANDARD = "gnu++14";
				CLANG_CXX_LIBRARY = "libc++";
				CLANG_ENABLE_MODULES = YES;
				CLANG_ENABLE_OBJC_ARC = YES;
				CLANG_ENABLE_OBJC_WEAK = YES;
				CLANG_WARN_BLOCK_CAPTURE_AUTORELEASING = YES;
				CLANG_WARN_BOOL_CONVERSION = YES;
				CLANG_WARN_COMMA = YES;
				CLANG_WARN_CONSTANT_CONVERSION = YES;
				CLANG_WARN_DEPRECATED_OBJC_IMPLEMENTATIONS = YES;
				CLANG_WARN_DIRECT_OBJC_ISA_USAGE = YES_ERROR;
				CLANG_WARN_DOCUMENTATION_COMMENTS = YES;
				CLANG_WARN_EMPTY_BODY = YES;
				CLANG_WARN_ENUM_CONVERSION = YES;
				CLANG_WARN_INFINITE_RECURSION = YES;
				CLANG_WARN_INT_CONVERSION = YES;
				CLANG_WARN_NON_LITERAL_NULL_CONVERSION = YES;
				CLANG_WARN_OBJC_IMPLICIT_RETAIN_SELF = YES;
				CLANG_WARN_OBJC_LITERAL_CONVERSION = YES;
				CLANG_WARN_OBJC_ROOT_CLASS = YES_ERROR;
				CLANG_WARN_RANGE_LOOP_ANALYSIS = YES;
				CLANG_WARN_STRICT_PROTOTYPES = YES;
				CLANG_WARN_SUSPICIOUS_MOVE = YES;
				CLANG_WARN_UNGUARDED_AVAILABILITY = YES_AGGRESSIVE;
				CLANG_WARN_UNREACHABLE_CODE = YES;
				CLANG_WARN__DUPLICATE_METHOD_MATCH = YES;
				COPY_PHASE_STRIP = NO;
				DEBUG_INFORMATION_FORMAT = dwarf;
				ENABLE_STRICT_OBJC_MSGSEND = YES;
				ENABLE_TESTABILITY = YES;
				GCC_C_LANGUAGE_STANDARD = gnu11;
				GCC_DYNAMIC_NO_PIC = NO;
				GCC_NO_COMMON_BLOCKS = YES;
				GCC_OPTIMIZATION_LEVEL = 0;
				GCC_PREPROCESSOR_DEFINITIONS = (
					"DEBUG=1",
					"$(inherited)",
				);
				GCC_WARN_64_TO_32_BIT_CONVERSION = YES;
				GCC_WARN_ABOUT_RETURN_TYPE = YES_ERROR;
				GCC_WARN_UNDECLARED_SELECTOR = YES;
				GCC_WARN_UNINITIALIZED_AUTOS = YES_AGGRESSIVE;
				GCC_WARN_UNUSED_FUNCTION = YES;
				GCC_WARN_UNUSED_VARIABLE = YES;
				IPHONEOS_DEPLOYMENT_TARGET = 13.2;
				MTL_ENABLE_DEBUG_INFO = INCLUDE_SOURCE;
				MTL_FAST_MATH = YES;
				ONLY_ACTIVE_ARCH = YES;
				SDKROOT = iphoneos;
				SWIFT_ACTIVE_COMPILATION_CONDITIONS = DEBUG;
				SWIFT_OPTIMIZATION_LEVEL = "-Onone";
			};
			name = Debug;
		};
		FA628C3624223D3200B1DE4A /* Release */ = {
			isa = XCBuildConfiguration;
			buildSettings = {
				ALWAYS_SEARCH_USER_PATHS = NO;
				CLANG_ANALYZER_NONNULL = YES;
				CLANG_ANALYZER_NUMBER_OBJECT_CONVERSION = YES_AGGRESSIVE;
				CLANG_CXX_LANGUAGE_STANDARD = "gnu++14";
				CLANG_CXX_LIBRARY = "libc++";
				CLANG_ENABLE_MODULES = YES;
				CLANG_ENABLE_OBJC_ARC = YES;
				CLANG_ENABLE_OBJC_WEAK = YES;
				CLANG_WARN_BLOCK_CAPTURE_AUTORELEASING = YES;
				CLANG_WARN_BOOL_CONVERSION = YES;
				CLANG_WARN_COMMA = YES;
				CLANG_WARN_CONSTANT_CONVERSION = YES;
				CLANG_WARN_DEPRECATED_OBJC_IMPLEMENTATIONS = YES;
				CLANG_WARN_DIRECT_OBJC_ISA_USAGE = YES_ERROR;
				CLANG_WARN_DOCUMENTATION_COMMENTS = YES;
				CLANG_WARN_EMPTY_BODY = YES;
				CLANG_WARN_ENUM_CONVERSION = YES;
				CLANG_WARN_INFINITE_RECURSION = YES;
				CLANG_WARN_INT_CONVERSION = YES;
				CLANG_WARN_NON_LITERAL_NULL_CONVERSION = YES;
				CLANG_WARN_OBJC_IMPLICIT_RETAIN_SELF = YES;
				CLANG_WARN_OBJC_LITERAL_CONVERSION = YES;
				CLANG_WARN_OBJC_ROOT_CLASS = YES_ERROR;
				CLANG_WARN_RANGE_LOOP_ANALYSIS = YES;
				CLANG_WARN_STRICT_PROTOTYPES = YES;
				CLANG_WARN_SUSPICIOUS_MOVE = YES;
				CLANG_WARN_UNGUARDED_AVAILABILITY = YES_AGGRESSIVE;
				CLANG_WARN_UNREACHABLE_CODE = YES;
				CLANG_WARN__DUPLICATE_METHOD_MATCH = YES;
				COPY_PHASE_STRIP = NO;
				DEBUG_INFORMATION_FORMAT = "dwarf-with-dsym";
				ENABLE_NS_ASSERTIONS = NO;
				ENABLE_STRICT_OBJC_MSGSEND = YES;
				GCC_C_LANGUAGE_STANDARD = gnu11;
				GCC_NO_COMMON_BLOCKS = YES;
				GCC_WARN_64_TO_32_BIT_CONVERSION = YES;
				GCC_WARN_ABOUT_RETURN_TYPE = YES_ERROR;
				GCC_WARN_UNDECLARED_SELECTOR = YES;
				GCC_WARN_UNINITIALIZED_AUTOS = YES_AGGRESSIVE;
				GCC_WARN_UNUSED_FUNCTION = YES;
				GCC_WARN_UNUSED_VARIABLE = YES;
				IPHONEOS_DEPLOYMENT_TARGET = 13.2;
				MTL_ENABLE_DEBUG_INFO = NO;
				MTL_FAST_MATH = YES;
				SDKROOT = iphoneos;
				SWIFT_COMPILATION_MODE = wholemodule;
				SWIFT_OPTIMIZATION_LEVEL = "-O";
				VALIDATE_PRODUCT = YES;
			};
			name = Release;
		};
		FA628C3824223D3200B1DE4A /* Debug */ = {
			isa = XCBuildConfiguration;
			baseConfigurationReference = 34C6459B8913A52AE56670BF /* Pods-CyberSpotApp.debug.xcconfig */;
			buildSettings = {
				ASSETCATALOG_COMPILER_APPICON_NAME = AppIcon;
				CODE_SIGN_STYLE = Automatic;
				DEVELOPMENT_TEAM = S437A2DXPB;
				INFOPLIST_FILE = CyberSpotApp/Info.plist;
				LD_RUNPATH_SEARCH_PATHS = (
					"$(inherited)",
					"@executable_path/Frameworks",
				);
				PRODUCT_BUNDLE_IDENTIFIER = evgkzn.CyberSpotApp;
				PRODUCT_NAME = "$(TARGET_NAME)";
				SWIFT_VERSION = 5.0;
				TARGETED_DEVICE_FAMILY = "1,2";
			};
			name = Debug;
		};
		FA628C3924223D3200B1DE4A /* Release */ = {
			isa = XCBuildConfiguration;
			baseConfigurationReference = 922076F941964EFFE8973DD9 /* Pods-CyberSpotApp.release.xcconfig */;
			buildSettings = {
				ASSETCATALOG_COMPILER_APPICON_NAME = AppIcon;
				CODE_SIGN_STYLE = Automatic;
				DEVELOPMENT_TEAM = S437A2DXPB;
				INFOPLIST_FILE = CyberSpotApp/Info.plist;
				LD_RUNPATH_SEARCH_PATHS = (
					"$(inherited)",
					"@executable_path/Frameworks",
				);
				PRODUCT_BUNDLE_IDENTIFIER = evgkzn.CyberSpotApp;
				PRODUCT_NAME = "$(TARGET_NAME)";
				SWIFT_VERSION = 5.0;
				TARGETED_DEVICE_FAMILY = "1,2";
			};
			name = Release;
		};
/* End XCBuildConfiguration section */

/* Begin XCConfigurationList section */
		FA628C1924223D3100B1DE4A /* Build configuration list for PBXProject "CyberSpotApp" */ = {
			isa = XCConfigurationList;
			buildConfigurations = (
				FA628C3524223D3200B1DE4A /* Debug */,
				FA628C3624223D3200B1DE4A /* Release */,
			);
			defaultConfigurationIsVisible = 0;
			defaultConfigurationName = Release;
		};
		FA628C3724223D3200B1DE4A /* Build configuration list for PBXNativeTarget "CyberSpotApp" */ = {
			isa = XCConfigurationList;
			buildConfigurations = (
				FA628C3824223D3200B1DE4A /* Debug */,
				FA628C3924223D3200B1DE4A /* Release */,
			);
			defaultConfigurationIsVisible = 0;
			defaultConfigurationName = Release;
		};
/* End XCConfigurationList section */

/* Begin XCVersionGroup section */
		FA628C2C24223D3100B1DE4A /* CyberSpotApp.xcdatamodeld */ = {
			isa = XCVersionGroup;
			children = (
				FA628C2D24223D3100B1DE4A /* CyberSpotApp.xcdatamodel */,
			);
			currentVersion = FA628C2D24223D3100B1DE4A /* CyberSpotApp.xcdatamodel */;
			path = CyberSpotApp.xcdatamodeld;
			sourceTree = "<group>";
			versionGroupType = wrapper.xcdatamodel;
		};
/* End XCVersionGroup section */
	};
	rootObject = FA628C1624223D3100B1DE4A /* Project object */;
}
